// !$*UTF8*$!
{
	archiveVersion = 1;
	classes = {
	};
	objectVersion = 55;
	objects = {

/* Begin PBXBuildFile section */
		D04C008D286C269F00693875 /* landmarkData.json in Resources */ = {isa = PBXBuildFile; fileRef = D04C008C286C269F00693875 /* landmarkData.json */; };
		D04C0090286C668D00693875 /* FavoriteButton.swift in Sources */ = {isa = PBXBuildFile; fileRef = D04C008F286C668D00693875 /* FavoriteButton.swift */; };
		D04C0092286C6DD600693875 /* HexagonParameters.swift in Sources */ = {isa = PBXBuildFile; fileRef = D04C0091286C6DD600693875 /* HexagonParameters.swift */; };
		D04C0095286C6F4400693875 /* BadgeBackground.swift in Sources */ = {isa = PBXBuildFile; fileRef = D04C0094286C6F4400693875 /* BadgeBackground.swift */; };
		D04C0097286C727500693875 /* gradients.swift in Sources */ = {isa = PBXBuildFile; fileRef = D04C0096286C727500693875 /* gradients.swift */; };
		D04C009A286C756A00693875 /* BadgeSymbol.swift in Sources */ = {isa = PBXBuildFile; fileRef = D04C0099286C756A00693875 /* BadgeSymbol.swift */; };
		D04C009C286C773800693875 /* RotatedBadgeSymbol.swift in Sources */ = {isa = PBXBuildFile; fileRef = D04C009B286C773800693875 /* RotatedBadgeSymbol.swift */; };
		D04C009E286C7BCE00693875 /* Badge.swift in Sources */ = {isa = PBXBuildFile; fileRef = D04C009D286C7BCE00693875 /* Badge.swift */; };
		D0D39BCD2869B8F80090446E /* BuildingListsAndNavigationApp.swift in Sources */ = {isa = PBXBuildFile; fileRef = D0D39BCC2869B8F80090446E /* BuildingListsAndNavigationApp.swift */; };
		D0D39BCF2869B8F80090446E /* ContentView.swift in Sources */ = {isa = PBXBuildFile; fileRef = D0D39BCE2869B8F80090446E /* ContentView.swift */; };
		D0D39BD12869B8FB0090446E /* Assets.xcassets in Resources */ = {isa = PBXBuildFile; fileRef = D0D39BD02869B8FB0090446E /* Assets.xcassets */; };
		D0D39BD42869B8FB0090446E /* Preview Assets.xcassets in Resources */ = {isa = PBXBuildFile; fileRef = D0D39BD32869B8FB0090446E /* Preview Assets.xcassets */; };
		D0D39BDD2869B9630090446E /* Landmark.swift in Sources */ = {isa = PBXBuildFile; fileRef = D0D39BDC2869B9630090446E /* Landmark.swift */; };
		D0D39BDF2869C89B0090446E /* ModelData.swift in Sources */ = {isa = PBXBuildFile; fileRef = D0D39BDE2869C89B0090446E /* ModelData.swift */; };
		D0D39BE82869C9D60090446E /* MapView.swift in Sources */ = {isa = PBXBuildFile; fileRef = D0D39BE32869C9D60090446E /* MapView.swift */; };
		D0D39BE92869C9D60090446E /* LandmarkRow.swift in Sources */ = {isa = PBXBuildFile; fileRef = D0D39BE42869C9D60090446E /* LandmarkRow.swift */; };
		D0D39BEA2869C9D60090446E /* CircleImage.swift in Sources */ = {isa = PBXBuildFile; fileRef = D0D39BE52869C9D60090446E /* CircleImage.swift */; };
		D0D39BEB2869C9D60090446E /* LandmarkDetail.swift in Sources */ = {isa = PBXBuildFile; fileRef = D0D39BE62869C9D60090446E /* LandmarkDetail.swift */; };
		D0D39BEC2869C9D60090446E /* LandmarkList.swift in Sources */ = {isa = PBXBuildFile; fileRef = D0D39BE72869C9D60090446E /* LandmarkList.swift */; };
/* End PBXBuildFile section */

/* Begin PBXFileReference section */
		D04C008C286C269F00693875 /* landmarkData.json */ = {isa = PBXFileReference; fileEncoding = 4; lastKnownFileType = text.json; name = landmarkData.json; path = ../../../../../../Downloads/BuildingListsAndNavigation/Complete/Landmarks/Resources/landmarkData.json; sourceTree = "<group>"; };
		D04C008F286C668D00693875 /* FavoriteButton.swift */ = {isa = PBXFileReference; lastKnownFileType = sourcecode.swift; path = FavoriteButton.swift; sourceTree = "<group>"; };
		D04C0091286C6DD600693875 /* HexagonParameters.swift */ = {isa = PBXFileReference; lastKnownFileType = sourcecode.swift; path = HexagonParameters.swift; sourceTree = "<group>"; };
		D04C0094286C6F4400693875 /* BadgeBackground.swift */ = {isa = PBXFileReference; lastKnownFileType = sourcecode.swift; path = BadgeBackground.swift; sourceTree = "<group>"; };
		D04C0096286C727500693875 /* gradients.swift */ = {isa = PBXFileReference; lastKnownFileType = sourcecode.swift; path = gradients.swift; sourceTree = "<group>"; };
		D04C0099286C756A00693875 /* BadgeSymbol.swift */ = {isa = PBXFileReference; lastKnownFileType = sourcecode.swift; path = BadgeSymbol.swift; sourceTree = "<group>"; };
		D04C009B286C773800693875 /* RotatedBadgeSymbol.swift */ = {isa = PBXFileReference; lastKnownFileType = sourcecode.swift; path = RotatedBadgeSymbol.swift; sourceTree = "<group>"; };
		D04C009D286C7BCE00693875 /* Badge.swift */ = {isa = PBXFileReference; lastKnownFileType = sourcecode.swift; path = Badge.swift; sourceTree = "<group>"; };
		D0D39BC92869B8F80090446E /* BuildingListsAndNavigation.app */ = {isa = PBXFileReference; explicitFileType = wrapper.application; includeInIndex = 0; path = BuildingListsAndNavigation.app; sourceTree = BUILT_PRODUCTS_DIR; };
		D0D39BCC2869B8F80090446E /* BuildingListsAndNavigationApp.swift */ = {isa = PBXFileReference; lastKnownFileType = sourcecode.swift; path = BuildingListsAndNavigationApp.swift; sourceTree = "<group>"; };
		D0D39BCE2869B8F80090446E /* ContentView.swift */ = {isa = PBXFileReference; lastKnownFileType = sourcecode.swift; path = ContentView.swift; sourceTree = "<group>"; };
		D0D39BD02869B8FB0090446E /* Assets.xcassets */ = {isa = PBXFileReference; lastKnownFileType = folder.assetcatalog; path = Assets.xcassets; sourceTree = "<group>"; };
		D0D39BD32869B8FB0090446E /* Preview Assets.xcassets */ = {isa = PBXFileReference; lastKnownFileType = folder.assetcatalog; path = "Preview Assets.xcassets"; sourceTree = "<group>"; };
		D0D39BDC2869B9630090446E /* Landmark.swift */ = {isa = PBXFileReference; lastKnownFileType = sourcecode.swift; path = Landmark.swift; sourceTree = "<group>"; };
		D0D39BDE2869C89B0090446E /* ModelData.swift */ = {isa = PBXFileReference; lastKnownFileType = sourcecode.swift; path = ModelData.swift; sourceTree = "<group>"; };
		D0D39BE32869C9D60090446E /* MapView.swift */ = {isa = PBXFileReference; fileEncoding = 4; lastKnownFileType = sourcecode.swift; path = MapView.swift; sourceTree = "<group>"; };
		D0D39BE42869C9D60090446E /* LandmarkRow.swift */ = {isa = PBXFileReference; fileEncoding = 4; lastKnownFileType = sourcecode.swift; path = LandmarkRow.swift; sourceTree = "<group>"; };
		D0D39BE52869C9D60090446E /* CircleImage.swift */ = {isa = PBXFileReference; fileEncoding = 4; lastKnownFileType = sourcecode.swift; path = CircleImage.swift; sourceTree = "<group>"; };
		D0D39BE62869C9D60090446E /* LandmarkDetail.swift */ = {isa = PBXFileReference; fileEncoding = 4; lastKnownFileType = sourcecode.swift; path = LandmarkDetail.swift; sourceTree = "<group>"; };
		D0D39BE72869C9D60090446E /* LandmarkList.swift */ = {isa = PBXFileReference; fileEncoding = 4; lastKnownFileType = sourcecode.swift; path = LandmarkList.swift; sourceTree = "<group>"; };
/* End PBXFileReference section */

/* Begin PBXFrameworksBuildPhase section */
		D0D39BC62869B8F80090446E /* Frameworks */ = {
			isa = PBXFrameworksBuildPhase;
			buildActionMask = 2147483647;
			files = (
			);
			runOnlyForDeploymentPostprocessing = 0;
		};
/* End PBXFrameworksBuildPhase section */

/* Begin PBXGroup section */
		D04C008E286C2CF700693875 /* Screens */ = {
			isa = PBXGroup;
			children = (
				D0D39BCE2869B8F80090446E /* ContentView.swift */,
				D0D39BE62869C9D60090446E /* LandmarkDetail.swift */,
				D0D39BE72869C9D60090446E /* LandmarkList.swift */,
			);
			path = Screens;
			sourceTree = "<group>";
		};
		D04C0093286C6DE800693875 /* Shapes */ = {
			isa = PBXGroup;
			children = (
				D04C0091286C6DD600693875 /* HexagonParameters.swift */,
				D04C0094286C6F4400693875 /* BadgeBackground.swift */,
				D04C0099286C756A00693875 /* BadgeSymbol.swift */,
				D04C009B286C773800693875 /* RotatedBadgeSymbol.swift */,
				D04C009D286C7BCE00693875 /* Badge.swift */,
			);
			path = Shapes;
			sourceTree = "<group>";
		};
		D04C0098286C727900693875 /* Constants */ = {
			isa = PBXGroup;
			children = (
				D04C0096286C727500693875 /* gradients.swift */,
			);
			path = Constants;
			sourceTree = "<group>";
		};
		D0D39BC02869B8F80090446E = {
			isa = PBXGroup;
			children = (
				D0D39BCB2869B8F80090446E /* BuildingListsAndNavigation */,
				D0D39BCA2869B8F80090446E /* Products */,
			);
			sourceTree = "<group>";
		};
		D0D39BCA2869B8F80090446E /* Products */ = {
			isa = PBXGroup;
			children = (
				D0D39BC92869B8F80090446E /* BuildingListsAndNavigation.app */,
			);
			name = Products;
			sourceTree = "<group>";
		};
		D0D39BCB2869B8F80090446E /* BuildingListsAndNavigation */ = {
			isa = PBXGroup;
			children = (
				D04C0098286C727900693875 /* Constants */,
				D04C0093286C6DE800693875 /* Shapes */,
				D04C008E286C2CF700693875 /* Screens */,
				D0D39BE22869C9AD0090446E /* Helper Views */,
				D0D39BE12869C9980090446E /* Resources */,
				D0D39BE02869C9730090446E /* Model */,
				D0D39BCC2869B8F80090446E /* BuildingListsAndNavigationApp.swift */,
				D0D39BD22869B8FB0090446E /* Preview Content */,
			);
			path = BuildingListsAndNavigation;
			sourceTree = "<group>";
		};
		D0D39BD22869B8FB0090446E /* Preview Content */ = {
			isa = PBXGroup;
			children = (
				D0D39BD32869B8FB0090446E /* Preview Assets.xcassets */,
			);
			path = "Preview Content";
			sourceTree = "<group>";
		};
		D0D39BE02869C9730090446E /* Model */ = {
			isa = PBXGroup;
			children = (
				D0D39BDC2869B9630090446E /* Landmark.swift */,
				D0D39BDE2869C89B0090446E /* ModelData.swift */,
			);
			path = Model;
			sourceTree = "<group>";
		};
		D0D39BE12869C9980090446E /* Resources */ = {
			isa = PBXGroup;
			children = (
				D04C008C286C269F00693875 /* landmarkData.json */,
				D0D39BD02869B8FB0090446E /* Assets.xcassets */,
			);
			path = Resources;
			sourceTree = "<group>";
		};
		D0D39BE22869C9AD0090446E /* Helper Views */ = {
			isa = PBXGroup;
			children = (
				D0D39BE52869C9D60090446E /* CircleImage.swift */,
				D0D39BE42869C9D60090446E /* LandmarkRow.swift */,
				D0D39BE32869C9D60090446E /* MapView.swift */,
				D04C008F286C668D00693875 /* FavoriteButton.swift */,
			);
			path = "Helper Views";
			sourceTree = "<group>";
		};
/* End PBXGroup section */

/* Begin PBXNativeTarget section */
		D0D39BC82869B8F80090446E /* BuildingListsAndNavigation */ = {
			isa = PBXNativeTarget;
			buildConfigurationList = D0D39BD72869B8FB0090446E /* Build configuration list for PBXNativeTarget "BuildingListsAndNavigation" */;
			buildPhases = (
				D0D39BC52869B8F80090446E /* Sources */,
				D0D39BC62869B8F80090446E /* Frameworks */,
				D0D39BC72869B8F80090446E /* Resources */,
			);
			buildRules = (
			);
			dependencies = (
			);
			name = BuildingListsAndNavigation;
			productName = BuildingListsAndNavigation;
			productReference = D0D39BC92869B8F80090446E /* BuildingListsAndNavigation.app */;
			productType = "com.apple.product-type.application";
		};
/* End PBXNativeTarget section */

/* Begin PBXProject section */
		D0D39BC12869B8F80090446E /* Project object */ = {
			isa = PBXProject;
			attributes = {
				BuildIndependentTargetsInParallel = 1;
				LastSwiftUpdateCheck = 1340;
				LastUpgradeCheck = 1340;
				TargetAttributes = {
					D0D39BC82869B8F80090446E = {
						CreatedOnToolsVersion = 13.4.1;
					};
				};
			};
			buildConfigurationList = D0D39BC42869B8F80090446E /* Build configuration list for PBXProject "BuildingListsAndNavigation" */;
			compatibilityVersion = "Xcode 13.0";
			developmentRegion = en;
			hasScannedForEncodings = 0;
			knownRegions = (
				en,
				Base,
			);
			mainGroup = D0D39BC02869B8F80090446E;
			productRefGroup = D0D39BCA2869B8F80090446E /* Products */;
			projectDirPath = "";
			projectRoot = "";
			targets = (
				D0D39BC82869B8F80090446E /* BuildingListsAndNavigation */,
			);
		};
/* End PBXProject section */

/* Begin PBXResourcesBuildPhase section */
		D0D39BC72869B8F80090446E /* Resources */ = {
			isa = PBXResourcesBuildPhase;
			buildActionMask = 2147483647;
			files = (
				D0D39BD42869B8FB0090446E /* Preview Assets.xcassets in Resources */,
				D04C008D286C269F00693875 /* landmarkData.json in Resources */,
				D0D39BD12869B8FB0090446E /* Assets.xcassets in Resources */,
			);
			runOnlyForDeploymentPostprocessing = 0;
		};
/* End PBXResourcesBuildPhase section */

/* Begin PBXSourcesBuildPhase section */
		D0D39BC52869B8F80090446E /* Sources */ = {
			isa = PBXSourcesBuildPhase;
			buildActionMask = 2147483647;
			files = (
				D0D39BCF2869B8F80090446E /* ContentView.swift in Sources */,
				D04C0095286C6F4400693875 /* BadgeBackground.swift in Sources */,
				D0D39BDF2869C89B0090446E /* ModelData.swift in Sources */,
				D0D39BE92869C9D60090446E /* LandmarkRow.swift in Sources */,
				D0D39BEA2869C9D60090446E /* CircleImage.swift in Sources */,
				D04C0092286C6DD600693875 /* HexagonParameters.swift in Sources */,
				D04C0090286C668D00693875 /* FavoriteButton.swift in Sources */,
				D04C009A286C756A00693875 /* BadgeSymbol.swift in Sources */,
				D04C009C286C773800693875 /* RotatedBadgeSymbol.swift in Sources */,
				D04C009E286C7BCE00693875 /* Badge.swift in Sources */,
				D04C0097286C727500693875 /* gradients.swift in Sources */,
				D0D39BEC2869C9D60090446E /* LandmarkList.swift in Sources */,
				D0D39BEB2869C9D60090446E /* LandmarkDetail.swift in Sources */,
				D0D39BE82869C9D60090446E /* MapView.swift in Sources */,
				D0D39BCD2869B8F80090446E /* BuildingListsAndNavigationApp.swift in Sources */,
				D0D39BDD2869B9630090446E /* Landmark.swift in Sources */,
			);
			runOnlyForDeploymentPostprocessing = 0;
		};
/* End PBXSourcesBuildPhase section */

/* Begin XCBuildConfiguration section */
		D0D39BD52869B8FB0090446E /* Debug */ = {
			isa = XCBuildConfiguration;
			buildSettings = {
				ALWAYS_SEARCH_USER_PATHS = NO;
				CLANG_ANALYZER_NONNULL = YES;
				CLANG_ANALYZER_NUMBER_OBJECT_CONVERSION = YES_AGGRESSIVE;
				CLANG_CXX_LANGUAGE_STANDARD = "gnu++17";
				CLANG_ENABLE_MODULES = YES;
				CLANG_ENABLE_OBJC_ARC = YES;
				CLANG_ENABLE_OBJC_WEAK = YES;
				CLANG_WARN_BLOCK_CAPTURE_AUTORELEASING = YES;
				CLANG_WARN_BOOL_CONVERSION = YES;
				CLANG_WARN_COMMA = YES;
				CLANG_WARN_CONSTANT_CONVERSION = YES;
				CLANG_WARN_DEPRECATED_OBJC_IMPLEMENTATIONS = YES;
				CLANG_WARN_DIRECT_OBJC_ISA_USAGE = YES_ERROR;
				CLANG_WARN_DOCUMENTATION_COMMENTS = YES;
				CLANG_WARN_EMPTY_BODY = YES;
				CLANG_WARN_ENUM_CONVERSION = YES;
				CLANG_WARN_INFINITE_RECURSION = YES;
				CLANG_WARN_INT_CONVERSION = YES;
				CLANG_WARN_NON_LITERAL_NULL_CONVERSION = YES;
				CLANG_WARN_OBJC_IMPLICIT_RETAIN_SELF = YES;
				CLANG_WARN_OBJC_LITERAL_CONVERSION = YES;
				CLANG_WARN_OBJC_ROOT_CLASS = YES_ERROR;
				CLANG_WARN_QUOTED_INCLUDE_IN_FRAMEWORK_HEADER = YES;
				CLANG_WARN_RANGE_LOOP_ANALYSIS = YES;
				CLANG_WARN_STRICT_PROTOTYPES = YES;
				CLANG_WARN_SUSPICIOUS_MOVE = YES;
				CLANG_WARN_UNGUARDED_AVAILABILITY = YES_AGGRESSIVE;
				CLANG_WARN_UNREACHABLE_CODE = YES;
				CLANG_WARN__DUPLICATE_METHOD_MATCH = YES;
				COPY_PHASE_STRIP = NO;
				DEBUG_INFORMATION_FORMAT = dwarf;
				ENABLE_STRICT_OBJC_MSGSEND = YES;
				ENABLE_TESTABILITY = YES;
				GCC_C_LANGUAGE_STANDARD = gnu11;
				GCC_DYNAMIC_NO_PIC = NO;
				GCC_NO_COMMON_BLOCKS = YES;
				GCC_OPTIMIZATION_LEVEL = 0;
				GCC_PREPROCESSOR_DEFINITIONS = (
					"DEBUG=1",
					"$(inherited)",
				);
				GCC_WARN_64_TO_32_BIT_CONVERSION = YES;
				GCC_WARN_ABOUT_RETURN_TYPE = YES_ERROR;
				GCC_WARN_UNDECLARED_SELECTOR = YES;
				GCC_WARN_UNINITIALIZED_AUTOS = YES_AGGRESSIVE;
				GCC_WARN_UNUSED_FUNCTION = YES;
				GCC_WARN_UNUSED_VARIABLE = YES;
				IPHONEOS_DEPLOYMENT_TARGET = 15.5;
				MTL_ENABLE_DEBUG_INFO = INCLUDE_SOURCE;
				MTL_FAST_MATH = YES;
				ONLY_ACTIVE_ARCH = YES;
				SDKROOT = iphoneos;
				SWIFT_ACTIVE_COMPILATION_CONDITIONS = DEBUG;
				SWIFT_OPTIMIZATION_LEVEL = "-Onone";
			};
			name = Debug;
		};
		D0D39BD62869B8FB0090446E /* Release */ = {
			isa = XCBuildConfiguration;
			buildSettings = {
				ALWAYS_SEARCH_USER_PATHS = NO;
				CLANG_ANALYZER_NONNULL = YES;
				CLANG_ANALYZER_NUMBER_OBJECT_CONVERSION = YES_AGGRESSIVE;
				CLANG_CXX_LANGUAGE_STANDARD = "gnu++17";
				CLANG_ENABLE_MODULES = YES;
				CLANG_ENABLE_OBJC_ARC = YES;
				CLANG_ENABLE_OBJC_WEAK = YES;
				CLANG_WARN_BLOCK_CAPTURE_AUTORELEASING = YES;
				CLANG_WARN_BOOL_CONVERSION = YES;
				CLANG_WARN_COMMA = YES;
				CLANG_WARN_CONSTANT_CONVERSION = YES;
				CLANG_WARN_DEPRECATED_OBJC_IMPLEMENTATIONS = YES;
				CLANG_WARN_DIRECT_OBJC_ISA_USAGE = YES_ERROR;
				CLANG_WARN_DOCUMENTATION_COMMENTS = YES;
				CLANG_WARN_EMPTY_BODY = YES;
				CLANG_WARN_ENUM_CONVERSION = YES;
				CLANG_WARN_INFINITE_RECURSION = YES;
				CLANG_WARN_INT_CONVERSION = YES;
				CLANG_WARN_NON_LITERAL_NULL_CONVERSION = YES;
				CLANG_WARN_OBJC_IMPLICIT_RETAIN_SELF = YES;
				CLANG_WARN_OBJC_LITERAL_CONVERSION = YES;
				CLANG_WARN_OBJC_ROOT_CLASS = YES_ERROR;
				CLANG_WARN_QUOTED_INCLUDE_IN_FRAMEWORK_HEADER = YES;
				CLANG_WARN_RANGE_LOOP_ANALYSIS = YES;
				CLANG_WARN_STRICT_PROTOTYPES = YES;
				CLANG_WARN_SUSPICIOUS_MOVE = YES;
				CLANG_WARN_UNGUARDED_AVAILABILITY = YES_AGGRESSIVE;
				CLANG_WARN_UNREACHABLE_CODE = YES;
				CLANG_WARN__DUPLICATE_METHOD_MATCH = YES;
				COPY_PHASE_STRIP = NO;
				DEBUG_INFORMATION_FORMAT = "dwarf-with-dsym";
				ENABLE_NS_ASSERTIONS = NO;
				ENABLE_STRICT_OBJC_MSGSEND = YES;
				GCC_C_LANGUAGE_STANDARD = gnu11;
				GCC_NO_COMMON_BLOCKS = YES;
				GCC_WARN_64_TO_32_BIT_CONVERSION = YES;
				GCC_WARN_ABOUT_RETURN_TYPE = YES_ERROR;
				GCC_WARN_UNDECLARED_SELECTOR = YES;
				GCC_WARN_UNINITIALIZED_AUTOS = YES_AGGRESSIVE;
				GCC_WARN_UNUSED_FUNCTION = YES;
				GCC_WARN_UNUSED_VARIABLE = YES;
				IPHONEOS_DEPLOYMENT_TARGET = 15.5;
				MTL_ENABLE_DEBUG_INFO = NO;
				MTL_FAST_MATH = YES;
				SDKROOT = iphoneos;
				SWIFT_COMPILATION_MODE = wholemodule;
				SWIFT_OPTIMIZATION_LEVEL = "-O";
				VALIDATE_PRODUCT = YES;
			};
			name = Release;
		};
		D0D39BD82869B8FB0090446E /* Debug */ = {
			isa = XCBuildConfiguration;
			buildSettings = {
				ASSETCATALOG_COMPILER_GLOBAL_ACCENT_COLOR_NAME = AccentColor;
				ASSETCATALOG_COMPILER_INCLUDE_ALL_APPICON_ASSETS = NO;
				CODE_SIGN_STYLE = Automatic;
				CURRENT_PROJECT_VERSION = 1;
				DEVELOPMENT_ASSET_PATHS = "\"BuildingListsAndNavigation/Preview Content\"";
				DEVELOPMENT_TEAM = U2CFGN8M76;
				ENABLE_PREVIEWS = YES;
				GENERATE_INFOPLIST_FILE = YES;
				INFOPLIST_KEY_UIApplicationSceneManifest_Generation = YES;
				INFOPLIST_KEY_UIApplicationSupportsIndirectInputEvents = YES;
				INFOPLIST_KEY_UILaunchScreen_Generation = YES;
				INFOPLIST_KEY_UISupportedInterfaceOrientations_iPad = "UIInterfaceOrientationPortrait UIInterfaceOrientationPortraitUpsideDown UIInterfaceOrientationLandscapeLeft UIInterfaceOrientationLandscapeRight";
				INFOPLIST_KEY_UISupportedInterfaceOrientations_iPhone = "UIInterfaceOrientationPortrait UIInterfaceOrientationLandscapeLeft UIInterfaceOrientationLandscapeRight";
				LD_RUNPATH_SEARCH_PATHS = (
					"$(inherited)",
					"@executable_path/Frameworks",
				);
				MARKETING_VERSION = 1.0;
				PRODUCT_BUNDLE_IDENTIFIER = com.appartisanslab.BuildingListsAndNavigation;
				PRODUCT_NAME = "$(TARGET_NAME)";
				SWIFT_EMIT_LOC_STRINGS = YES;
				SWIFT_VERSION = 5.0;
				TARGETED_DEVICE_FAMILY = "1,2";
			};
			name = Debug;
		};
		D0D39BD92869B8FB0090446E /* Release */ = {
			isa = XCBuildConfiguration;
			buildSettings = {
				ASSETCATALOG_COMPILER_GLOBAL_ACCENT_COLOR_NAME = AccentColor;
				ASSETCATALOG_COMPILER_INCLUDE_ALL_APPICON_ASSETS = NO;
				CODE_SIGN_STYLE = Automatic;
				CURRENT_PROJECT_VERSION = 1;
				DEVELOPMENT_ASSET_PATHS = "\"BuildingListsAndNavigation/Preview Content\"";
				DEVELOPMENT_TEAM = U2CFGN8M76;
				ENABLE_PREVIEWS = YES;
				GENERATE_INFOPLIST_FILE = YES;
				INFOPLIST_KEY_UIApplicationSceneManifest_Generation = YES;
				INFOPLIST_KEY_UIApplicationSupportsIndirectInputEvents = YES;
				INFOPLIST_KEY_UILaunchScreen_Generation = YES;
				INFOPLIST_KEY_UISupportedInterfaceOrientations_iPad = "UIInterfaceOrientationPortrait UIInterfaceOrientationPortraitUpsideDown UIInterfaceOrientationLandscapeLeft UIInterfaceOrientationLandscapeRight";
				INFOPLIST_KEY_UISupportedInterfaceOrientations_iPhone = "UIInterfaceOrientationPortrait UIInterfaceOrientationLandscapeLeft UIInterfaceOrientationLandscapeRight";
				LD_RUNPATH_SEARCH_PATHS = (
					"$(inherited)",
					"@executable_path/Frameworks",
				);
				MARKETING_VERSION = 1.0;
				PRODUCT_BUNDLE_IDENTIFIER = com.appartisanslab.BuildingListsAndNavigation;
				PRODUCT_NAME = "$(TARGET_NAME)";
				SWIFT_EMIT_LOC_STRINGS = YES;
				SWIFT_VERSION = 5.0;
				TARGETED_DEVICE_FAMILY = "1,2";
			};
			name = Release;
		};
/* End XCBuildConfiguration section */

/* Begin XCConfigurationList section */
		D0D39BC42869B8F80090446E /* Build configuration list for PBXProject "BuildingListsAndNavigation" */ = {
			isa = XCConfigurationList;
			buildConfigurations = (
				D0D39BD52869B8FB0090446E /* Debug */,
				D0D39BD62869B8FB0090446E /* Release */,
			);
			defaultConfigurationIsVisible = 0;
			defaultConfigurationName = Release;
		};
		D0D39BD72869B8FB0090446E /* Build configuration list for PBXNativeTarget "BuildingListsAndNavigation" */ = {
			isa = XCConfigurationList;
			buildConfigurations = (
				D0D39BD82869B8FB0090446E /* Debug */,
				D0D39BD92869B8FB0090446E /* Release */,
			);
			defaultConfigurationIsVisible = 0;
			defaultConfigurationName = Release;
		};
/* End XCConfigurationList section */
	};
	rootObject = D0D39BC12869B8F80090446E /* Project object */;
}
